
Microsoft Visual Studio Solution File, Format Version 12.00
# Visual Studio Version 16
VisualStudioVersion = 16.0.30204.135
MinimumVisualStudioVersion = 10.0.40219.1
Project("{FAE04EC0-301F-11D3-BF4B-00C04F79EFBC}") = "MightyRest", "MightyRest\MightyRest.csproj", "{AE2BF26A-1551-4153-B320-4BDCD3326395}"
EndProject
Project("{FAE04EC0-301F-11D3-BF4B-00C04F79EFBC}") = "MightyClient", "MightyClient\MightyClient.csproj", "{B0D49BBF-7DCE-49AF-96C2-FD58D28083BD}"
EndProject
Global
	GlobalSection(SolutionConfigurationPlatforms) = preSolution
		Debug|Any CPU = Debug|Any CPU
		Release|Any CPU = Release|Any CPU
	EndGlobalSection
	GlobalSection(ProjectConfigurationPlatforms) = postSolution
		{AE2BF26A-1551-4153-B320-4BDCD3326395}.Debug|Any CPU.ActiveCfg = Debug|Any CPU
		{AE2BF26A-1551-4153-B320-4BDCD3326395}.Debug|Any CPU.Build.0 = Debug|Any CPU
		{AE2BF26A-1551-4153-B320-4BDCD3326395}.Release|Any CPU.ActiveCfg = Release|Any CPU
		{AE2BF26A-1551-4153-B320-4BDCD3326395}.Release|Any CPU.Build.0 = Release|Any CPU
		{B0D49BBF-7DCE-49AF-96C2-FD58D28083BD}.Debug|Any CPU.ActiveCfg = Debug|Any CPU
		{B0D49BBF-7DCE-49AF-96C2-FD58D28083BD}.Debug|Any CPU.Build.0 = Debug|Any CPU
		{B0D49BBF-7DCE-49AF-96C2-FD58D28083BD}.Release|Any CPU.ActiveCfg = Release|Any CPU
		{B0D49BBF-7DCE-49AF-96C2-FD58D28083BD}.Release|Any CPU.Build.0 = Release|Any CPU
	EndGlobalSection
	GlobalSection(SolutionProperties) = preSolution
		HideSolutionNode = FALSE
	EndGlobalSection
	GlobalSection(ExtensibilityGlobals) = postSolution
		SolutionGuid = {858B8A5D-BFAF-4A37-B3E4-92A4C8B19C03}
	EndGlobalSection
EndGlobal
